
Microsoft Visual Studio Solution File, Format Version 12.00
# Visual Studio 2013
VisualStudioVersion = 12.0.30501.0
MinimumVisualStudioVersion = 10.0.40219.1
Project("{FAE04EC0-301F-11D3-BF4B-00C04F79EFBC}") = "Watcher.Core", "Watcher.Core\Watcher.Core.csproj", "{FD7E4ABC-E1CE-498A-9D76-F0707D65A0C5}"
EndProject
Project("{2150E333-8FDC-42A3-9474-1A3956D46DE8}") = ".nuget", ".nuget", "{919CCA5E-ED64-4519-9396-09E7540E1ED4}"
EndProject
Project("{FAE04EC0-301F-11D3-BF4B-00C04F79EFBC}") = "Watcher.Provider.HundredZero", "Watcher.Provider.HundredZero\Watcher.Provider.HundredZero.csproj", "{8BBF1C3C-64B6-4018-A741-C0768F4B1C71}"
EndProject
Project("{FAE04EC0-301F-11D3-BF4B-00C04F79EFBC}") = "Watcher.Client.WPF", "Watcher.Client.WPF\Watcher.Client.WPF.csproj", "{5964E21B-BDB8-4C41-97BB-B40314FD0B74}"
EndProject
Project("{FAE04EC0-301F-11D3-BF4B-00C04F79EFBC}") = "Watcher.Provider.GoodAnime", "Watcher.Provider.GoodAnime\Watcher.Provider.GoodAnime.csproj", "{5A76BD8B-6591-4F74-A862-7CBD447AF46E}"
EndProject
Project("{FAE04EC0-301F-11D3-BF4B-00C04F79EFBC}") = "Watcher.DataStore.SQLite", "Watcher.DataStore.SQLite\Watcher.DataStore.SQLite.csproj", "{4450DF14-2A10-4054-B56C-724DC163FE53}"
EndProject
Project("{FAE04EC0-301F-11D3-BF4B-00C04F79EFBC}") = "Innouvous.Utils.Data.SQLiteWrapper", "..\Innouvous.Utils\Innouvous.Utils.SQLiteWrapper\Innouvous.Utils.Data.SQLiteWrapper.csproj", "{183BD0E1-5F1E-45E3-8BE9-34D9B64A5B99}"
EndProject
Project("{FAE04EC0-301F-11D3-BF4B-00C04F79EFBC}") = "Watcher.Provider.Smack", "Watcher.Provider.SmackProvider\Watcher.Provider.Smack.csproj", "{96FD1098-F58E-4C31-8663-EF877AE0BB35}"
EndProject
Project("{FAE04EC0-301F-11D3-BF4B-00C04F79EFBC}") = "Innouvous.Utils.DialogWindow", "..\Innouvous.Utils\Innouvous.Utils.DialogWindow\Innouvous.Utils.DialogWindow.csproj", "{FAF335CA-56B5-4770-8E70-4C37D23255F1}"
EndProject
Project("{FAE04EC0-301F-11D3-BF4B-00C04F79EFBC}") = "Innouvous.Utils.MessageBoxFactory", "..\Innouvous.Utils\Innouvous.Utils.MessageBoxFactory\Innouvous.Utils.MessageBoxFactory.csproj", "{6BDDD1F2-3BC0-431D-923D-CE76681A3851}"
EndProject
Project("{FAE04EC0-301F-11D3-BF4B-00C04F79EFBC}") = "Innouvous.Utils.MVVM", "..\Innouvous.Utils\Innouvous.Utils.MVVM\Innouvous.Utils.MVVM.csproj", "{B90D1BD6-DB68-416C-9150-BA4E3C73A3F2}"
EndProject
Project("{FAE04EC0-301F-11D3-BF4B-00C04F79EFBC}") = "Innouvous.Utils.Dialogs", "..\Innouvous.Utils\Innouvous.Utils.Dialogs\Innouvous.Utils.Dialogs.csproj", "{2B0E7F06-EDF2-4C54-A3BE-BD303186F9CB}"
EndProject
Project("{FAE04EC0-301F-11D3-BF4B-00C04F79EFBC}") = "Innouvous.Utils.DialogWindow.Windows", "..\Innouvous.Utils\Innouvous.Utils.DialogWindow.Windows\Innouvous.Utils.DialogWindow.Windows.csproj", "{16E8C431-25D4-45EB-BF1F-386C99C88EC3}"
EndProject
Project("{FAE04EC0-301F-11D3-BF4B-00C04F79EFBC}") = "Innouvous.Utils.ResourceDictionaries", "..\Innouvous.Utils\Innouvous.Utils.ResourceDictionaries\Innouvous.Utils.ResourceDictionaries.csproj", "{8F93514E-288C-4852-ACC6-E6DFD2BC9407}"
EndProject
Project("{FAE04EC0-301F-11D3-BF4B-00C04F79EFBC}") = "Watcher.Extensions", "Watcher.Extensions\Watcher.Extensions.csproj", "{A5CE8509-0AF8-4E14-B50A-3F7E2E1BDE64}"
EndProject
Global
	GlobalSection(SolutionConfigurationPlatforms) = preSolution
		Debug|Any CPU = Debug|Any CPU
		Release|Any CPU = Release|Any CPU
	EndGlobalSection
	GlobalSection(ProjectConfigurationPlatforms) = postSolution
		{FD7E4ABC-E1CE-498A-9D76-F0707D65A0C5}.Debug|Any CPU.ActiveCfg = Debug|Any CPU
		{FD7E4ABC-E1CE-498A-9D76-F0707D65A0C5}.Debug|Any CPU.Build.0 = Debug|Any CPU
		{FD7E4ABC-E1CE-498A-9D76-F0707D65A0C5}.Release|Any CPU.ActiveCfg = Release|Any CPU
		{FD7E4ABC-E1CE-498A-9D76-F0707D65A0C5}.Release|Any CPU.Build.0 = Release|Any CPU
		{8BBF1C3C-64B6-4018-A741-C0768F4B1C71}.Debug|Any CPU.ActiveCfg = Debug|Any CPU
		{8BBF1C3C-64B6-4018-A741-C0768F4B1C71}.Debug|Any CPU.Build.0 = Debug|Any CPU
		{8BBF1C3C-64B6-4018-A741-C0768F4B1C71}.Release|Any CPU.ActiveCfg = Release|Any CPU
		{8BBF1C3C-64B6-4018-A741-C0768F4B1C71}.Release|Any CPU.Build.0 = Release|Any CPU
		{5964E21B-BDB8-4C41-97BB-B40314FD0B74}.Debug|Any CPU.ActiveCfg = Debug|Any CPU
		{5964E21B-BDB8-4C41-97BB-B40314FD0B74}.Debug|Any CPU.Build.0 = Debug|Any CPU
		{5964E21B-BDB8-4C41-97BB-B40314FD0B74}.Release|Any CPU.ActiveCfg = Release|Any CPU
		{5964E21B-BDB8-4C41-97BB-B40314FD0B74}.Release|Any CPU.Build.0 = Release|Any CPU
		{5A76BD8B-6591-4F74-A862-7CBD447AF46E}.Debug|Any CPU.ActiveCfg = Debug|Any CPU
		{5A76BD8B-6591-4F74-A862-7CBD447AF46E}.Debug|Any CPU.Build.0 = Debug|Any CPU
		{5A76BD8B-6591-4F74-A862-7CBD447AF46E}.Release|Any CPU.ActiveCfg = Release|Any CPU
		{5A76BD8B-6591-4F74-A862-7CBD447AF46E}.Release|Any CPU.Build.0 = Release|Any CPU
		{4450DF14-2A10-4054-B56C-724DC163FE53}.Debug|Any CPU.ActiveCfg = Debug|Any CPU
		{4450DF14-2A10-4054-B56C-724DC163FE53}.Debug|Any CPU.Build.0 = Debug|Any CPU
		{4450DF14-2A10-4054-B56C-724DC163FE53}.Release|Any CPU.ActiveCfg = Release|Any CPU
		{4450DF14-2A10-4054-B56C-724DC163FE53}.Release|Any CPU.Build.0 = Release|Any CPU
		{183BD0E1-5F1E-45E3-8BE9-34D9B64A5B99}.Debug|Any CPU.ActiveCfg = Debug|Any CPU
		{183BD0E1-5F1E-45E3-8BE9-34D9B64A5B99}.Debug|Any CPU.Build.0 = Debug|Any CPU
		{183BD0E1-5F1E-45E3-8BE9-34D9B64A5B99}.Release|Any CPU.ActiveCfg = Release|Any CPU
		{183BD0E1-5F1E-45E3-8BE9-34D9B64A5B99}.Release|Any CPU.Build.0 = Release|Any CPU
		{96FD1098-F58E-4C31-8663-EF877AE0BB35}.Debug|Any CPU.ActiveCfg = Debug|Any CPU
		{96FD1098-F58E-4C31-8663-EF877AE0BB35}.Debug|Any CPU.Build.0 = Debug|Any CPU
		{96FD1098-F58E-4C31-8663-EF877AE0BB35}.Release|Any CPU.ActiveCfg = Release|Any CPU
		{96FD1098-F58E-4C31-8663-EF877AE0BB35}.Release|Any CPU.Build.0 = Release|Any CPU
		{FAF335CA-56B5-4770-8E70-4C37D23255F1}.Debug|Any CPU.ActiveCfg = Debug|Any CPU
		{FAF335CA-56B5-4770-8E70-4C37D23255F1}.Debug|Any CPU.Build.0 = Debug|Any CPU
		{FAF335CA-56B5-4770-8E70-4C37D23255F1}.Release|Any CPU.ActiveCfg = Release|Any CPU
		{FAF335CA-56B5-4770-8E70-4C37D23255F1}.Release|Any CPU.Build.0 = Release|Any CPU
		{6BDDD1F2-3BC0-431D-923D-CE76681A3851}.Debug|Any CPU.ActiveCfg = Debug|Any CPU
		{6BDDD1F2-3BC0-431D-923D-CE76681A3851}.Debug|Any CPU.Build.0 = Debug|Any CPU
		{6BDDD1F2-3BC0-431D-923D-CE76681A3851}.Release|Any CPU.ActiveCfg = Release|Any CPU
		{6BDDD1F2-3BC0-431D-923D-CE76681A3851}.Release|Any CPU.Build.0 = Release|Any CPU
		{B90D1BD6-DB68-416C-9150-BA4E3C73A3F2}.Debug|Any CPU.ActiveCfg = Debug|Any CPU
		{B90D1BD6-DB68-416C-9150-BA4E3C73A3F2}.Debug|Any CPU.Build.0 = Debug|Any CPU
		{B90D1BD6-DB68-416C-9150-BA4E3C73A3F2}.Release|Any CPU.ActiveCfg = Release|Any CPU
		{B90D1BD6-DB68-416C-9150-BA4E3C73A3F2}.Release|Any CPU.Build.0 = Release|Any CPU
		{2B0E7F06-EDF2-4C54-A3BE-BD303186F9CB}.Debug|Any CPU.ActiveCfg = Debug|Any CPU
		{2B0E7F06-EDF2-4C54-A3BE-BD303186F9CB}.Debug|Any CPU.Build.0 = Debug|Any CPU
		{2B0E7F06-EDF2-4C54-A3BE-BD303186F9CB}.Release|Any CPU.ActiveCfg = Release|Any CPU
		{2B0E7F06-EDF2-4C54-A3BE-BD303186F9CB}.Release|Any CPU.Build.0 = Release|Any CPU
		{16E8C431-25D4-45EB-BF1F-386C99C88EC3}.Debug|Any CPU.ActiveCfg = Debug|Any CPU
		{16E8C431-25D4-45EB-BF1F-386C99C88EC3}.Debug|Any CPU.Build.0 = Debug|Any CPU
		{16E8C431-25D4-45EB-BF1F-386C99C88EC3}.Release|Any CPU.ActiveCfg = Release|Any CPU
		{16E8C431-25D4-45EB-BF1F-386C99C88EC3}.Release|Any CPU.Build.0 = Release|Any CPU
		{8F93514E-288C-4852-ACC6-E6DFD2BC9407}.Debug|Any CPU.ActiveCfg = Debug|Any CPU
		{8F93514E-288C-4852-ACC6-E6DFD2BC9407}.Debug|Any CPU.Build.0 = Debug|Any CPU
		{8F93514E-288C-4852-ACC6-E6DFD2BC9407}.Release|Any CPU.ActiveCfg = Release|Any CPU
		{8F93514E-288C-4852-ACC6-E6DFD2BC9407}.Release|Any CPU.Build.0 = Release|Any CPU
		{A5CE8509-0AF8-4E14-B50A-3F7E2E1BDE64}.Debug|Any CPU.ActiveCfg = Debug|Any CPU
		{A5CE8509-0AF8-4E14-B50A-3F7E2E1BDE64}.Debug|Any CPU.Build.0 = Debug|Any CPU
		{A5CE8509-0AF8-4E14-B50A-3F7E2E1BDE64}.Release|Any CPU.ActiveCfg = Release|Any CPU
		{A5CE8509-0AF8-4E14-B50A-3F7E2E1BDE64}.Release|Any CPU.Build.0 = Release|Any CPU
	EndGlobalSection
	GlobalSection(SolutionProperties) = preSolution
		HideSolutionNode = FALSE
	EndGlobalSection
	GlobalSection(SubversionScc) = preSolution
		Svn-Managed = True
		Manager = AnkhSVN - Subversion Support for Visual Studio
	EndGlobalSection
EndGlobal
